
Microsoft Visual Studio Solution File, Format Version 12.00
# Visual Studio Version 17
VisualStudioVersion = 17.14.37203.1 d17.14
MinimumVisualStudioVersion = 10.0.40219.1
Project("{FAE04EC0-301F-11D3-BF4B-00C04F79EFBC}") = "StockScalping", "StockScalping\StockScalping.csproj", "{BA7A96DC-E132-4D73-AFBB-27DD6FCEDEFE}"
EndProject
Global
	GlobalSection(SolutionConfigurationPlatforms) = preSolution
		Debug|Any CPU = Debug|Any CPU
		Release|Any CPU = Release|Any CPU
	EndGlobalSection
	GlobalSection(ProjectConfigurationPlatforms) = postSolution
		{BA7A96DC-E132-4D73-AFBB-27DD6FCEDEFE}.Debug|Any CPU.ActiveCfg = Debug|Any CPU
		{BA7A96DC-E132-4D73-AFBB-27DD6FCEDEFE}.Debug|Any CPU.Build.0 = Debug|Any CPU
		{BA7A96DC-E132-4D73-AFBB-27DD6FCEDEFE}.Release|Any CPU.ActiveCfg = Release|Any CPU
		{BA7A96DC-E132-4D73-AFBB-27DD6FCEDEFE}.Release|Any CPU.Build.0 = Release|Any CPU
	EndGlobalSection
	GlobalSection(SolutionProperties) = preSolution
		HideSolutionNode = FALSE
	EndGlobalSection
	GlobalSection(ExtensibilityGlobals) = postSolution
		SolutionGuid = {1686D1C8-AFB8-465E-9A1B-1F4741242E15}
	EndGlobalSection
EndGlobal
