
Microsoft Visual Studio Solution File, Format Version 12.00
# Visual Studio Version 17
VisualStudioVersion = 17.14.37203.1
MinimumVisualStudioVersion = 10.0.40219.1
Project("{FAE04EC0-301F-11D3-BF4B-00C04F79EFBC}") = "StockTrading.Apis", "StockTrading.Apis\StockTrading.Apis.csproj", "{FE0D22F5-0800-4E18-9133-13A0DB6BA236}"
EndProject
Project("{FAE04EC0-301F-11D3-BF4B-00C04F79EFBC}") = "StockTrading.Models", "StockTrading.Models\StockTrading.Models.csproj", "{8909512C-181D-4A97-9069-A5DEAB4AA33B}"
EndProject
Project("{FAE04EC0-301F-11D3-BF4B-00C04F79EFBC}") = "StockTrading.Services", "StockTrading.Services\StockTrading.Services.csproj", "{EDFD3BE1-F97B-4B6F-9E64-8D5790D545A5}"
EndProject
Project("{FAE04EC0-301F-11D3-BF4B-00C04F79EFBC}") = "StockTrading.Data", "StockTrading.Data\StockTrading.Data.csproj", "{67CD1DC3-A754-4E39-9FB6-3EB2C6544D41}"
EndProject
Project("{FAE04EC0-301F-11D3-BF4B-00C04F79EFBC}") = "StockTrading.Repository", "StockTrading.Repository\StockTrading.Repository.csproj", "{06A8BB5C-E125-46DF-BF7C-6C98F5F6A171}"
EndProject
Project("{FAE04EC0-301F-11D3-BF4B-00C04F79EFBC}") = "StockTrading.Common", "StockTrading.Common\StockTrading.Common.csproj", "{B3D04E5D-2E25-4DCB-9503-75240D0123D5}"
EndProject
Global
	GlobalSection(SolutionConfigurationPlatforms) = preSolution
		Debug|Any CPU = Debug|Any CPU
		Debug|x64 = Debug|x64
		Debug|x86 = Debug|x86
		Release|Any CPU = Release|Any CPU
		Release|x64 = Release|x64
		Release|x86 = Release|x86
	EndGlobalSection
	GlobalSection(ProjectConfigurationPlatforms) = postSolution
		{FE0D22F5-0800-4E18-9133-13A0DB6BA236}.Debug|Any CPU.ActiveCfg = Debug|Any CPU
		{FE0D22F5-0800-4E18-9133-13A0DB6BA236}.Debug|Any CPU.Build.0 = Debug|Any CPU
		{FE0D22F5-0800-4E18-9133-13A0DB6BA236}.Debug|x64.ActiveCfg = Debug|Any CPU
		{FE0D22F5-0800-4E18-9133-13A0DB6BA236}.Debug|x64.Build.0 = Debug|Any CPU
		{FE0D22F5-0800-4E18-9133-13A0DB6BA236}.Debug|x86.ActiveCfg = Debug|Any CPU
		{FE0D22F5-0800-4E18-9133-13A0DB6BA236}.Debug|x86.Build.0 = Debug|Any CPU
		{FE0D22F5-0800-4E18-9133-13A0DB6BA236}.Release|Any CPU.ActiveCfg = Release|Any CPU
		{FE0D22F5-0800-4E18-9133-13A0DB6BA236}.Release|Any CPU.Build.0 = Release|Any CPU
		{FE0D22F5-0800-4E18-9133-13A0DB6BA236}.Release|x64.ActiveCfg = Release|Any CPU
		{FE0D22F5-0800-4E18-9133-13A0DB6BA236}.Release|x64.Build.0 = Release|Any CPU
		{FE0D22F5-0800-4E18-9133-13A0DB6BA236}.Release|x86.ActiveCfg = Release|Any CPU
		{FE0D22F5-0800-4E18-9133-13A0DB6BA236}.Release|x86.Build.0 = Release|Any CPU
		{8909512C-181D-4A97-9069-A5DEAB4AA33B}.Debug|Any CPU.ActiveCfg = Debug|Any CPU
		{8909512C-181D-4A97-9069-A5DEAB4AA33B}.Debug|Any CPU.Build.0 = Debug|Any CPU
		{8909512C-181D-4A97-9069-A5DEAB4AA33B}.Debug|x64.ActiveCfg = Debug|Any CPU
		{8909512C-181D-4A97-9069-A5DEAB4AA33B}.Debug|x64.Build.0 = Debug|Any CPU
		{8909512C-181D-4A97-9069-A5DEAB4AA33B}.Debug|x86.ActiveCfg = Debug|Any CPU
		{8909512C-181D-4A97-9069-A5DEAB4AA33B}.Debug|x86.Build.0 = Debug|Any CPU
		{8909512C-181D-4A97-9069-A5DEAB4AA33B}.Release|Any CPU.ActiveCfg = Release|Any CPU
		{8909512C-181D-4A97-9069-A5DEAB4AA33B}.Release|Any CPU.Build.0 = Release|Any CPU
		{8909512C-181D-4A97-9069-A5DEAB4AA33B}.Release|x64.ActiveCfg = Release|Any CPU
		{8909512C-181D-4A97-9069-A5DEAB4AA33B}.Release|x64.Build.0 = Release|Any CPU
		{8909512C-181D-4A97-9069-A5DEAB4AA33B}.Release|x86.ActiveCfg = Release|Any CPU
		{8909512C-181D-4A97-9069-A5DEAB4AA33B}.Release|x86.Build.0 = Release|Any CPU
		{EDFD3BE1-F97B-4B6F-9E64-8D5790D545A5}.Debug|Any CPU.ActiveCfg = Debug|Any CPU
		{EDFD3BE1-F97B-4B6F-9E64-8D5790D545A5}.Debug|Any CPU.Build.0 = Debug|Any CPU
		{EDFD3BE1-F97B-4B6F-9E64-8D5790D545A5}.Debug|x64.ActiveCfg = Debug|Any CPU
		{EDFD3BE1-F97B-4B6F-9E64-8D5790D545A5}.Debug|x64.Build.0 = Debug|Any CPU
		{EDFD3BE1-F97B-4B6F-9E64-8D5790D545A5}.Debug|x86.ActiveCfg = Debug|Any CPU
		{EDFD3BE1-F97B-4B6F-9E64-8D5790D545A5}.Debug|x86.Build.0 = Debug|Any CPU
		{EDFD3BE1-F97B-4B6F-9E64-8D5790D545A5}.Release|Any CPU.ActiveCfg = Release|Any CPU
		{EDFD3BE1-F97B-4B6F-9E64-8D5790D545A5}.Release|Any CPU.Build.0 = Release|Any CPU
		{EDFD3BE1-F97B-4B6F-9E64-8D5790D545A5}.Release|x64.ActiveCfg = Release|Any CPU
		{EDFD3BE1-F97B-4B6F-9E64-8D5790D545A5}.Release|x64.Build.0 = Release|Any CPU
		{EDFD3BE1-F97B-4B6F-9E64-8D5790D545A5}.Release|x86.ActiveCfg = Release|Any CPU
		{EDFD3BE1-F97B-4B6F-9E64-8D5790D545A5}.Release|x86.Build.0 = Release|Any CPU
		{67CD1DC3-A754-4E39-9FB6-3EB2C6544D41}.Debug|Any CPU.ActiveCfg = Debug|Any CPU
		{67CD1DC3-A754-4E39-9FB6-3EB2C6544D41}.Debug|Any CPU.Build.0 = Debug|Any CPU
		{67CD1DC3-A754-4E39-9FB6-3EB2C6544D41}.Debug|x64.ActiveCfg = Debug|Any CPU
		{67CD1DC3-A754-4E39-9FB6-3EB2C6544D41}.Debug|x64.Build.0 = Debug|Any CPU
		{67CD1DC3-A754-4E39-9FB6-3EB2C6544D41}.Debug|x86.ActiveCfg = Debug|Any CPU
		{67CD1DC3-A754-4E39-9FB6-3EB2C6544D41}.Debug|x86.Build.0 = Debug|Any CPU
		{67CD1DC3-A754-4E39-9FB6-3EB2C6544D41}.Release|Any CPU.ActiveCfg = Release|Any CPU
		{67CD1DC3-A754-4E39-9FB6-3EB2C6544D41}.Release|Any CPU.Build.0 = Release|Any CPU
		{67CD1DC3-A754-4E39-9FB6-3EB2C6544D41}.Release|x64.ActiveCfg = Release|Any CPU
		{67CD1DC3-A754-4E39-9FB6-3EB2C6544D41}.Release|x64.Build.0 = Release|Any CPU
		{67CD1DC3-A754-4E39-9FB6-3EB2C6544D41}.Release|x86.ActiveCfg = Release|Any CPU
		{67CD1DC3-A754-4E39-9FB6-3EB2C6544D41}.Release|x86.Build.0 = Release|Any CPU
		{06A8BB5C-E125-46DF-BF7C-6C98F5F6A171}.Debug|Any CPU.ActiveCfg = Debug|Any CPU
		{06A8BB5C-E125-46DF-BF7C-6C98F5F6A171}.Debug|Any CPU.Build.0 = Debug|Any CPU
		{06A8BB5C-E125-46DF-BF7C-6C98F5F6A171}.Debug|x64.ActiveCfg = Debug|Any CPU
		{06A8BB5C-E125-46DF-BF7C-6C98F5F6A171}.Debug|x64.Build.0 = Debug|Any CPU
		{06A8BB5C-E125-46DF-BF7C-6C98F5F6A171}.Debug|x86.ActiveCfg = Debug|Any CPU
		{06A8BB5C-E125-46DF-BF7C-6C98F5F6A171}.Debug|x86.Build.0 = Debug|Any CPU
		{06A8BB5C-E125-46DF-BF7C-6C98F5F6A171}.Release|Any CPU.ActiveCfg = Release|Any CPU
		{06A8BB5C-E125-46DF-BF7C-6C98F5F6A171}.Release|Any CPU.Build.0 = Release|Any CPU
		{06A8BB5C-E125-46DF-BF7C-6C98F5F6A171}.Release|x64.ActiveCfg = Release|Any CPU
		{06A8BB5C-E125-46DF-BF7C-6C98F5F6A171}.Release|x64.Build.0 = Release|Any CPU
		{06A8BB5C-E125-46DF-BF7C-6C98F5F6A171}.Release|x86.ActiveCfg = Release|Any CPU
		{06A8BB5C-E125-46DF-BF7C-6C98F5F6A171}.Release|x86.Build.0 = Release|Any CPU
		{B3D04E5D-2E25-4DCB-9503-75240D0123D5}.Debug|Any CPU.ActiveCfg = Debug|Any CPU
		{B3D04E5D-2E25-4DCB-9503-75240D0123D5}.Debug|Any CPU.Build.0 = Debug|Any CPU
		{B3D04E5D-2E25-4DCB-9503-75240D0123D5}.Debug|x64.ActiveCfg = Debug|Any CPU
		{B3D04E5D-2E25-4DCB-9503-75240D0123D5}.Debug|x64.Build.0 = Debug|Any CPU
		{B3D04E5D-2E25-4DCB-9503-75240D0123D5}.Debug|x86.ActiveCfg = Debug|Any CPU
		{B3D04E5D-2E25-4DCB-9503-75240D0123D5}.Debug|x86.Build.0 = Debug|Any CPU
		{B3D04E5D-2E25-4DCB-9503-75240D0123D5}.Release|Any CPU.ActiveCfg = Release|Any CPU
		{B3D04E5D-2E25-4DCB-9503-75240D0123D5}.Release|Any CPU.Build.0 = Release|Any CPU
		{B3D04E5D-2E25-4DCB-9503-75240D0123D5}.Release|x64.ActiveCfg = Release|Any CPU
		{B3D04E5D-2E25-4DCB-9503-75240D0123D5}.Release|x64.Build.0 = Release|Any CPU
		{B3D04E5D-2E25-4DCB-9503-75240D0123D5}.Release|x86.ActiveCfg = Release|Any CPU
		{B3D04E5D-2E25-4DCB-9503-75240D0123D5}.Release|x86.Build.0 = Release|Any CPU
	EndGlobalSection
	GlobalSection(SolutionProperties) = preSolution
		HideSolutionNode = FALSE
	EndGlobalSection
	GlobalSection(ExtensibilityGlobals) = postSolution
		SolutionGuid = {1686D1C8-AFB8-465E-9A1B-1F4741242E15}
	EndGlobalSection
EndGlobal
